
Microsoft Visual Studio Solution File, Format Version 12.00
# Visual Studio Version 17
VisualStudioVersion = 17.2.32616.157
MinimumVisualStudioVersion = 10.0.40219.1
Project("{9A19103F-16F7-4668-BE54-9A1E7A4F7556}") = "TodoASPApi", "TodoASPApi\TodoASPApi.csproj", "{52B029C7-6C9C-4669-A2E7-3C016BBC4732}"
EndProject
Global
	GlobalSection(SolutionConfigurationPlatforms) = preSolution
		Debug|Any CPU = Debug|Any CPU
		Release|Any CPU = Release|Any CPU
	EndGlobalSection
	GlobalSection(ProjectConfigurationPlatforms) = postSolution
		{52B029C7-6C9C-4669-A2E7-3C016BBC4732}.Debug|Any CPU.ActiveCfg = Debug|Any CPU
		{52B029C7-6C9C-4669-A2E7-3C016BBC4732}.Debug|Any CPU.Build.0 = Debug|Any CPU
		{52B029C7-6C9C-4669-A2E7-3C016BBC4732}.Release|Any CPU.ActiveCfg = Release|Any CPU
		{52B029C7-6C9C-4669-A2E7-3C016BBC4732}.Release|Any CPU.Build.0 = Release|Any CPU
	EndGlobalSection
	GlobalSection(SolutionProperties) = preSolution
		HideSolutionNode = FALSE
	EndGlobalSection
	GlobalSection(ExtensibilityGlobals) = postSolution
		SolutionGuid = {9BEA08D2-6EEB-410C-8169-F2CEC70C67DE}
	EndGlobalSection
EndGlobal
